
Microsoft Visual Studio Solution File, Format Version 12.00
# Visual Studio Version 17
VisualStudioVersion = 17.10.35013.160
MinimumVisualStudioVersion = 10.0.40219.1
Project("{FAE04EC0-301F-11D3-BF4B-00C04F79EFBC}") = "GridLengthUserControl", "GridLengthUserControl\GridLengthUserControl.csproj", "{1641A308-C2E9-43B5-BE82-BA36DE2480E1}"
EndProject
Global
	GlobalSection(SolutionConfigurationPlatforms) = preSolution
		Debug|Any CPU = Debug|Any CPU
		Release|Any CPU = Release|Any CPU
	EndGlobalSection
	GlobalSection(ProjectConfigurationPlatforms) = postSolution
		{1641A308-C2E9-43B5-BE82-BA36DE2480E1}.Debug|Any CPU.ActiveCfg = Debug|Any CPU
		{1641A308-C2E9-43B5-BE82-BA36DE2480E1}.Debug|Any CPU.Build.0 = Debug|Any CPU
		{1641A308-C2E9-43B5-BE82-BA36DE2480E1}.Release|Any CPU.ActiveCfg = Release|Any CPU
		{1641A308-C2E9-43B5-BE82-BA36DE2480E1}.Release|Any CPU.Build.0 = Release|Any CPU
	EndGlobalSection
	GlobalSection(SolutionProperties) = preSolution
		HideSolutionNode = FALSE
	EndGlobalSection
	GlobalSection(ExtensibilityGlobals) = postSolution
		SolutionGuid = {8B5E2F99-750A-48C1-88AC-93CC22397CB7}
	EndGlobalSection
EndGlobal
